{
  "name": "common",
  "lockfileVersion": 3,
  "requires": true,
  "packages": {
    "": {
      "dependencies": {
        "@hathora/hathora-cloud-sdk": "^0.0.3"
      }
    },
    "../../hathora-cloud-sdks/typescript": {
      "name": "@hathora/hathora-cloud-sdk",
      "version": "0.0.1",
      "extraneous": true,
      "devDependencies": {
        "typescript": "^4.9.5"
      }
    },
    "node_modules/@hathora/hathora-cloud-sdk": {
      "version": "0.0.3",
      "resolved": "https://registry.npmjs.org/@hathora/hathora-cloud-sdk/-/hathora-cloud-sdk-0.0.3.tgz",
      "integrity": "sha512-ZpiOTRbawUTnEc6/8Z+gTDGYQcQRegoR20Bcmfd4ecr0tUzVu4j97iX+05CiSiMZySjWpzzlWJdCGarW4eAi2g=="
    }
  }
}
